PODS:
  - Alamofire (4.5.1)
  - Nimble (7.0.3)
  - OBSwaggerClientSupport/Accept-Language (0.1.2)
  - OBSwaggerClientSupport/Core (0.1.2)
  - OBSwaggerClientSupport/Promise (0.1.2):
    - OBSwaggerClientSupport/Core
    - PromiseKit
  - OBSwaggerClientSupport/RxSwift (0.1.2):
    - OBSwaggerClientSupport/Core
    - RxSwift
  - PromiseKit (6.2.5):
    - PromiseKit/CorePromise (= 6.2.5)
    - PromiseKit/Foundation (= 6.2.5)
    - PromiseKit/UIKit (= 6.2.5)
  - PromiseKit/CorePromise (6.2.5)
  - PromiseKit/Foundation (6.2.5):
    - PromiseKit/CorePromise
  - PromiseKit/UIKit (6.2.5):
    - PromiseKit/CorePromise
  - Quick (1.2.0)
  - RxSwift (4.1.2)
  - SwaggerClient (0.0.1):
    - Alamofire (~> 4.5.0)

DEPENDENCIES:
  - Nimble (~> 7.0.2)
  - OBSwaggerClientSupport/Accept-Language (from `../`)
  - OBSwaggerClientSupport/Promise (from `../`)
  - OBSwaggerClientSupport/RxSwift (from `../`)
  - Quick (~> 1.2.0)
  - SwaggerClient (from `./swift4-client-generated`)

SPEC REPOS:
  https://github.com/CocoaPods/Specs.git:
    - Alamofire
    - Nimble
    - PromiseKit
    - Quick
    - RxSwift

EXTERNAL SOURCES:
  OBSwaggerClientSupport:
    :path: "../"
  SwaggerClient:
    :path: "./swift4-client-generated"

SPEC CHECKSUMS:
  Alamofire: 2d95912bf4c34f164fdfc335872e8c312acaea4a
  Nimble: 7f5a9c447a33002645a071bddafbfb24ea70e0ac
  OBSwaggerClientSupport: 6a2aef134a5008343c89ddc36f3115b6918bae5e
  PromiseKit: a26828b0a8d5874960dfdb575b57a70790ec36f1
  Quick: 58d203b1c5e27fff7229c4c1ae445ad7069a7a08
  RxSwift: e49536837d9901277638493ea537394d4b55f570
  SwaggerClient: 9a37a4304aa21882f66c51fc5449b5a43d481aa2

PODFILE CHECKSUM: 16a58377b096f737d3ea9734461b8eb6c221a5c0

COCOAPODS: 1.5.0
